// !$*UTF8*$!
{
	archiveVersion = 1;
	classes = {
	};
	objectVersion = 56;
	objects = {

/* Begin PBXBuildFile section */
		000517C12C96F5B7000E09DF /* OrderCell.xib in Resources */ = {isa = PBXBuildFile; fileRef = 000517C02C96F5B7000E09DF /* OrderCell.xib */; };
		000517C22C96F5B7000E09DF /* OrderCell.swift in Sources */ = {isa = PBXBuildFile; fileRef = 000517BF2C96F5B7000E09DF /* OrderCell.swift */; };
		00129E0E2C99FBC80002C486 /* SplashScreen.swift in Sources */ = {isa = PBXBuildFile; fileRef = 00129E0D2C99FBC80002C486 /* SplashScreen.swift */; };
		00129E102C99FDBE0002C486 /* CorenerRadius.swift in Sources */ = {isa = PBXBuildFile; fileRef = 00129E0F2C99FDBE0002C486 /* CorenerRadius.swift */; };
		00B5DECF2C9896E5007D399F /* APIError.swift in Sources */ = {isa = PBXBuildFile; fileRef = 00B5DECE2C9896E5007D399F /* APIError.swift */; };
		00B5DED12C989DAC007D399F /* HttpMethod.swift in Sources */ = {isa = PBXBuildFile; fileRef = 00B5DED02C989DAC007D399F /* HttpMethod.swift */; };
		00EB58952CB29F4900F22C4E /* UITableView+RegisterNib.swift in Sources */ = {isa = PBXBuildFile; fileRef = 00EB58942CB29F4900F22C4E /* UITableView+RegisterNib.swift */; };
		00EB58972CB29F7E00F22C4E /* UIView+ReuseIdentifier.swift in Sources */ = {isa = PBXBuildFile; fileRef = 00EB58962CB29F7E00F22C4E /* UIView+ReuseIdentifier.swift */; };
		00F0059D2C972EE6007D05FE /* OrderConfiramtionVC.xib in Resources */ = {isa = PBXBuildFile; fileRef = 00F0059C2C972EE6007D05FE /* OrderConfiramtionVC.xib */; };
		00F0059E2C972EE6007D05FE /* OrderConfiramtionVC.swift in Sources */ = {isa = PBXBuildFile; fileRef = 00F0059B2C972EE6007D05FE /* OrderConfiramtionVC.swift */; };
		00F044732C95B579003EC942 /* AppDelegate.swift in Sources */ = {isa = PBXBuildFile; fileRef = 00F044722C95B579003EC942 /* AppDelegate.swift */; };
		00F044752C95B579003EC942 /* SceneDelegate.swift in Sources */ = {isa = PBXBuildFile; fileRef = 00F044742C95B579003EC942 /* SceneDelegate.swift */; };
		00F0447C2C95B57B003EC942 /* Assets.xcassets in Resources */ = {isa = PBXBuildFile; fileRef = 00F0447B2C95B57B003EC942 /* Assets.xcassets */; };
		00F044872C95BAE2003EC942 /* TabbarVC.swift in Sources */ = {isa = PBXBuildFile; fileRef = 00F044862C95BAE2003EC942 /* TabbarVC.swift */; };
		00F0448A2C95C011003EC942 /* CategoryVC.swift in Sources */ = {isa = PBXBuildFile; fileRef = 00F044882C95C011003EC942 /* CategoryVC.swift */; };
		00F0448B2C95C011003EC942 /* CategoryVC.xib in Resources */ = {isa = PBXBuildFile; fileRef = 00F044892C95C011003EC942 /* CategoryVC.xib */; };
		00F0448E2C95C02A003EC942 /* MenuVC.swift in Sources */ = {isa = PBXBuildFile; fileRef = 00F0448C2C95C02A003EC942 /* MenuVC.swift */; };
		00F0448F2C95C02A003EC942 /* MenuVC.xib in Resources */ = {isa = PBXBuildFile; fileRef = 00F0448D2C95C02A003EC942 /* MenuVC.xib */; };
		00F044922C95C036003EC942 /* OrderVC.swift in Sources */ = {isa = PBXBuildFile; fileRef = 00F044902C95C036003EC942 /* OrderVC.swift */; };
		00F044932C95C036003EC942 /* OrderVC.xib in Resources */ = {isa = PBXBuildFile; fileRef = 00F044912C95C036003EC942 /* OrderVC.xib */; };
		00F044A02C95C1C2003EC942 /* MenuItemDetailVC.swift in Sources */ = {isa = PBXBuildFile; fileRef = 00F0449E2C95C1C2003EC942 /* MenuItemDetailVC.swift */; };
		00F044A12C95C1C2003EC942 /* MenuItemDetailVC.xib in Resources */ = {isa = PBXBuildFile; fileRef = 00F0449F2C95C1C2003EC942 /* MenuItemDetailVC.xib */; };
		00F044A42C95C321003EC942 /* MenuItem.swift in Sources */ = {isa = PBXBuildFile; fileRef = 00F044A32C95C321003EC942 /* MenuItem.swift */; };
		00F044A62C95C5E7003EC942 /* MenuResponse.swift in Sources */ = {isa = PBXBuildFile; fileRef = 00F044A52C95C5E7003EC942 /* MenuResponse.swift */; };
		00F044A82C95C5FF003EC942 /* CategoryResponse.swift in Sources */ = {isa = PBXBuildFile; fileRef = 00F044A72C95C5FF003EC942 /* CategoryResponse.swift */; };
		00F044AA2C95C611003EC942 /* OrderResponse.swift in Sources */ = {isa = PBXBuildFile; fileRef = 00F044A92C95C611003EC942 /* OrderResponse.swift */; };
		00F044AC2C95C619003EC942 /* Order.swift in Sources */ = {isa = PBXBuildFile; fileRef = 00F044AB2C95C619003EC942 /* Order.swift */; };
		00F044B12C95D6BF003EC942 /* NetworkManager.swift in Sources */ = {isa = PBXBuildFile; fileRef = 00F044B02C95D6BF003EC942 /* NetworkManager.swift */; };
		00F044B42C95EADB003EC942 /* CategoryCell.swift in Sources */ = {isa = PBXBuildFile; fileRef = 00F044B22C95EADB003EC942 /* CategoryCell.swift */; };
		00F044B52C95EADB003EC942 /* CategoryCell.xib in Resources */ = {isa = PBXBuildFile; fileRef = 00F044B32C95EADB003EC942 /* CategoryCell.xib */; };
		00F044B82C95FCFF003EC942 /* ShowAlert.swift in Sources */ = {isa = PBXBuildFile; fileRef = 00F044B72C95FCFF003EC942 /* ShowAlert.swift */; };
		00F044BF2C9607D3003EC942 /* MenuCell.swift in Sources */ = {isa = PBXBuildFile; fileRef = 00F044BD2C9607D3003EC942 /* MenuCell.swift */; };
		00F044C02C9607D3003EC942 /* MenuCell.xib in Resources */ = {isa = PBXBuildFile; fileRef = 00F044BE2C9607D3003EC942 /* MenuCell.xib */; };
		00FDA2A52C99993200113402 /* CategoryViewModel.swift in Sources */ = {isa = PBXBuildFile; fileRef = 00FDA2A42C99993200113402 /* CategoryViewModel.swift */; };
		00FDA2A72C999F8300113402 /* MenuViewModel.swift in Sources */ = {isa = PBXBuildFile; fileRef = 00FDA2A62C999F8300113402 /* MenuViewModel.swift */; };
		00FDA2A92C99B7C800113402 /* MenuDetailViewModel.swift in Sources */ = {isa = PBXBuildFile; fileRef = 00FDA2A82C99B7C800113402 /* MenuDetailViewModel.swift */; };
		00FDA2B02C99D13800113402 /* OrderViewModel.swift in Sources */ = {isa = PBXBuildFile; fileRef = 00FDA2AF2C99D13800113402 /* OrderViewModel.swift */; };
/* End PBXBuildFile section */

/* Begin PBXFileReference section */
		000517BF2C96F5B7000E09DF /* OrderCell.swift */ = {isa = PBXFileReference; lastKnownFileType = sourcecode.swift; path = OrderCell.swift; sourceTree = "<group>"; };
		000517C02C96F5B7000E09DF /* OrderCell.xib */ = {isa = PBXFileReference; lastKnownFileType = file.xib; path = OrderCell.xib; sourceTree = "<group>"; };
		00129E0D2C99FBC80002C486 /* SplashScreen.swift */ = {isa = PBXFileReference; lastKnownFileType = sourcecode.swift; path = SplashScreen.swift; sourceTree = "<group>"; };
		00129E0F2C99FDBE0002C486 /* CorenerRadius.swift */ = {isa = PBXFileReference; fileEncoding = 4; lastKnownFileType = sourcecode.swift; path = CorenerRadius.swift; sourceTree = "<group>"; };
		00B5DECE2C9896E5007D399F /* APIError.swift */ = {isa = PBXFileReference; lastKnownFileType = sourcecode.swift; path = APIError.swift; sourceTree = "<group>"; };
		00B5DED02C989DAC007D399F /* HttpMethod.swift */ = {isa = PBXFileReference; lastKnownFileType = sourcecode.swift; path = HttpMethod.swift; sourceTree = "<group>"; };
		00EB58942CB29F4900F22C4E /* UITableView+RegisterNib.swift */ = {isa = PBXFileReference; fileEncoding = 4; lastKnownFileType = sourcecode.swift; path = "UITableView+RegisterNib.swift"; sourceTree = "<group>"; };
		00EB58962CB29F7E00F22C4E /* UIView+ReuseIdentifier.swift */ = {isa = PBXFileReference; fileEncoding = 4; lastKnownFileType = sourcecode.swift; path = "UIView+ReuseIdentifier.swift"; sourceTree = "<group>"; };
		00F0059B2C972EE6007D05FE /* OrderConfiramtionVC.swift */ = {isa = PBXFileReference; lastKnownFileType = sourcecode.swift; path = OrderConfiramtionVC.swift; sourceTree = "<group>"; };
		00F0059C2C972EE6007D05FE /* OrderConfiramtionVC.xib */ = {isa = PBXFileReference; lastKnownFileType = file.xib; path = OrderConfiramtionVC.xib; sourceTree = "<group>"; };
		00F0446F2C95B579003EC942 /* OrderApp.app */ = {isa = PBXFileReference; explicitFileType = wrapper.application; includeInIndex = 0; path = OrderApp.app; sourceTree = BUILT_PRODUCTS_DIR; };
		00F044722C95B579003EC942 /* AppDelegate.swift */ = {isa = PBXFileReference; lastKnownFileType = sourcecode.swift; path = AppDelegate.swift; sourceTree = "<group>"; };
		00F044742C95B579003EC942 /* SceneDelegate.swift */ = {isa = PBXFileReference; lastKnownFileType = sourcecode.swift; path = SceneDelegate.swift; sourceTree = "<group>"; };
		00F0447B2C95B57B003EC942 /* Assets.xcassets */ = {isa = PBXFileReference; lastKnownFileType = folder.assetcatalog; path = Assets.xcassets; sourceTree = "<group>"; };
		00F044802C95B57B003EC942 /* Info.plist */ = {isa = PBXFileReference; lastKnownFileType = text.plist.xml; path = Info.plist; sourceTree = "<group>"; };
		00F044862C95BAE2003EC942 /* TabbarVC.swift */ = {isa = PBXFileReference; lastKnownFileType = sourcecode.swift; path = TabbarVC.swift; sourceTree = "<group>"; };
		00F044882C95C011003EC942 /* CategoryVC.swift */ = {isa = PBXFileReference; lastKnownFileType = sourcecode.swift; path = CategoryVC.swift; sourceTree = "<group>"; };
		00F044892C95C011003EC942 /* CategoryVC.xib */ = {isa = PBXFileReference; lastKnownFileType = file.xib; path = CategoryVC.xib; sourceTree = "<group>"; };
		00F0448C2C95C02A003EC942 /* MenuVC.swift */ = {isa = PBXFileReference; lastKnownFileType = sourcecode.swift; path = MenuVC.swift; sourceTree = "<group>"; };
		00F0448D2C95C02A003EC942 /* MenuVC.xib */ = {isa = PBXFileReference; lastKnownFileType = file.xib; path = MenuVC.xib; sourceTree = "<group>"; };
		00F044902C95C036003EC942 /* OrderVC.swift */ = {isa = PBXFileReference; lastKnownFileType = sourcecode.swift; path = OrderVC.swift; sourceTree = "<group>"; };
		00F044912C95C036003EC942 /* OrderVC.xib */ = {isa = PBXFileReference; lastKnownFileType = file.xib; path = OrderVC.xib; sourceTree = "<group>"; };
		00F0449E2C95C1C2003EC942 /* MenuItemDetailVC.swift */ = {isa = PBXFileReference; lastKnownFileType = sourcecode.swift; path = MenuItemDetailVC.swift; sourceTree = "<group>"; };
		00F0449F2C95C1C2003EC942 /* MenuItemDetailVC.xib */ = {isa = PBXFileReference; lastKnownFileType = file.xib; path = MenuItemDetailVC.xib; sourceTree = "<group>"; };
		00F044A32C95C321003EC942 /* MenuItem.swift */ = {isa = PBXFileReference; lastKnownFileType = sourcecode.swift; path = MenuItem.swift; sourceTree = "<group>"; };
		00F044A52C95C5E7003EC942 /* MenuResponse.swift */ = {isa = PBXFileReference; lastKnownFileType = sourcecode.swift; path = MenuResponse.swift; sourceTree = "<group>"; };
		00F044A72C95C5FF003EC942 /* CategoryResponse.swift */ = {isa = PBXFileReference; lastKnownFileType = sourcecode.swift; path = CategoryResponse.swift; sourceTree = "<group>"; };
		00F044A92C95C611003EC942 /* OrderResponse.swift */ = {isa = PBXFileReference; lastKnownFileType = sourcecode.swift; path = OrderResponse.swift; sourceTree = "<group>"; };
		00F044AB2C95C619003EC942 /* Order.swift */ = {isa = PBXFileReference; lastKnownFileType = sourcecode.swift; path = Order.swift; sourceTree = "<group>"; };
		00F044B02C95D6BF003EC942 /* NetworkManager.swift */ = {isa = PBXFileReference; lastKnownFileType = sourcecode.swift; path = NetworkManager.swift; sourceTree = "<group>"; };
		00F044B22C95EADB003EC942 /* CategoryCell.swift */ = {isa = PBXFileReference; lastKnownFileType = sourcecode.swift; path = CategoryCell.swift; sourceTree = "<group>"; };
		00F044B32C95EADB003EC942 /* CategoryCell.xib */ = {isa = PBXFileReference; lastKnownFileType = file.xib; path = CategoryCell.xib; sourceTree = "<group>"; };
		00F044B72C95FCFF003EC942 /* ShowAlert.swift */ = {isa = PBXFileReference; lastKnownFileType = sourcecode.swift; path = ShowAlert.swift; sourceTree = "<group>"; };
		00F044BD2C9607D3003EC942 /* MenuCell.swift */ = {isa = PBXFileReference; lastKnownFileType = sourcecode.swift; path = MenuCell.swift; sourceTree = "<group>"; };
		00F044BE2C9607D3003EC942 /* MenuCell.xib */ = {isa = PBXFileReference; lastKnownFileType = file.xib; path = MenuCell.xib; sourceTree = "<group>"; };
		00FDA2A42C99993200113402 /* CategoryViewModel.swift */ = {isa = PBXFileReference; lastKnownFileType = sourcecode.swift; path = CategoryViewModel.swift; sourceTree = "<group>"; };
		00FDA2A62C999F8300113402 /* MenuViewModel.swift */ = {isa = PBXFileReference; lastKnownFileType = sourcecode.swift; path = MenuViewModel.swift; sourceTree = "<group>"; };
		00FDA2A82C99B7C800113402 /* MenuDetailViewModel.swift */ = {isa = PBXFileReference; lastKnownFileType = sourcecode.swift; path = MenuDetailViewModel.swift; sourceTree = "<group>"; };
		00FDA2AF2C99D13800113402 /* OrderViewModel.swift */ = {isa = PBXFileReference; lastKnownFileType = sourcecode.swift; path = OrderViewModel.swift; sourceTree = "<group>"; };
/* End PBXFileReference section */

/* Begin PBXFrameworksBuildPhase section */
		00F0446C2C95B579003EC942 /* Frameworks */ = {
			isa = PBXFrameworksBuildPhase;
			buildActionMask = 2147483647;
			files = (
			);
			runOnlyForDeploymentPostprocessing = 0;
		};
/* End PBXFrameworksBuildPhase section */

/* Begin PBXGroup section */
		00129E0C2C99FBA40002C486 /* SplashScreen */ = {
			isa = PBXGroup;
			children = (
				00129E0D2C99FBC80002C486 /* SplashScreen.swift */,
			);
			path = SplashScreen;
			sourceTree = "<group>";
		};
		00B5DED22C989F0D007D399F /* CategoryViewModel */ = {
			isa = PBXGroup;
			children = (
				00FDA2A42C99993200113402 /* CategoryViewModel.swift */,
			);
			path = CategoryViewModel;
			sourceTree = "<group>";
		};
		00B5DED32C989F1E007D399F /* OrderViewModel */ = {
			isa = PBXGroup;
			children = (
				00FDA2AF2C99D13800113402 /* OrderViewModel.swift */,
			);
			path = OrderViewModel;
			sourceTree = "<group>";
		};
		00B5DED52C989F34007D399F /* MenuViewModel */ = {
			isa = PBXGroup;
			children = (
				00FDA2A62C999F8300113402 /* MenuViewModel.swift */,
			);
			path = MenuViewModel;
			sourceTree = "<group>";
		};
		00B5DED62C989F3E007D399F /* MenuDetailViewModel */ = {
			isa = PBXGroup;
			children = (
				00FDA2A82C99B7C800113402 /* MenuDetailViewModel.swift */,
			);
			path = MenuDetailViewModel;
			sourceTree = "<group>";
		};
		00F0059A2C972EA7007D05FE /* OrderConfirmation */ = {
			isa = PBXGroup;
			children = (
				00FDA2B32C99D8F900113402 /* View */,
			);
			path = OrderConfirmation;
			sourceTree = "<group>";
		};
		00F044662C95B579003EC942 = {
			isa = PBXGroup;
			children = (
				00F044712C95B579003EC942 /* OrderApp */,
				00F044702C95B579003EC942 /* Products */,
			);
			sourceTree = "<group>";
		};
		00F044702C95B579003EC942 /* Products */ = {
			isa = PBXGroup;
			children = (
				00F0446F2C95B579003EC942 /* OrderApp.app */,
			);
			name = Products;
			sourceTree = "<group>";
		};
		00F044712C95B579003EC942 /* OrderApp */ = {
			isa = PBXGroup;
			children = (
				00F044AD2C95D5A2003EC942 /* Core */,
				00F044B62C95FCC3003EC942 /* Extensions */,
				00F044AE2C95D5AF003EC942 /* Network */,
				00F044A22C95C2FD003EC942 /* Model */,
				00F044942C95C03A003EC942 /* ViewControllers */,
				00F044982C95C099003EC942 /* MainTabBar */,
				00F044AF2C95D61F003EC942 /* Resources */,
				00F044802C95B57B003EC942 /* Info.plist */,
			);
			path = OrderApp;
			sourceTree = "<group>";
		};
		00F044942C95C03A003EC942 /* ViewControllers */ = {
			isa = PBXGroup;
			children = (
				00129E0C2C99FBA40002C486 /* SplashScreen */,
				00F044972C95C079003EC942 /* CategoryVC */,
				00F044952C95C058003EC942 /* OrderVC */,
				00F0059A2C972EA7007D05FE /* OrderConfirmation */,
				00F044962C95C06F003EC942 /* MenuVC */,
				00F044992C95C16D003EC942 /* MenuDetailVC */,
			);
			path = ViewControllers;
			sourceTree = "<group>";
		};
		00F044952C95C058003EC942 /* OrderVC */ = {
			isa = PBXGroup;
			children = (
				00B5DED32C989F1E007D399F /* OrderViewModel */,
				00FDA2AE2C99D11700113402 /* Views */,
			);
			path = OrderVC;
			sourceTree = "<group>";
		};
		00F044962C95C06F003EC942 /* MenuVC */ = {
			isa = PBXGroup;
			children = (
				00FDA2AB2C99C95E00113402 /* Views */,
				00B5DED52C989F34007D399F /* MenuViewModel */,
			);
			path = MenuVC;
			sourceTree = "<group>";
		};
		00F044972C95C079003EC942 /* CategoryVC */ = {
			isa = PBXGroup;
			children = (
				00FDA2AC2C99C97A00113402 /* Views */,
				00B5DED22C989F0D007D399F /* CategoryViewModel */,
			);
			path = CategoryVC;
			sourceTree = "<group>";
		};
		00F044982C95C099003EC942 /* MainTabBar */ = {
			isa = PBXGroup;
			children = (
				00F044862C95BAE2003EC942 /* TabbarVC.swift */,
			);
			path = MainTabBar;
			sourceTree = "<group>";
		};
		00F044992C95C16D003EC942 /* MenuDetailVC */ = {
			isa = PBXGroup;
			children = (
				00B5DED62C989F3E007D399F /* MenuDetailViewModel */,
				00FDA2AA2C99C94500113402 /* Views */,
			);
			path = MenuDetailVC;
			sourceTree = "<group>";
		};
		00F044A22C95C2FD003EC942 /* Model */ = {
			isa = PBXGroup;
			children = (
				00F044A32C95C321003EC942 /* MenuItem.swift */,
				00F044A52C95C5E7003EC942 /* MenuResponse.swift */,
				00F044A72C95C5FF003EC942 /* CategoryResponse.swift */,
				00F044A92C95C611003EC942 /* OrderResponse.swift */,
				00F044AB2C95C619003EC942 /* Order.swift */,
			);
			path = Model;
			sourceTree = "<group>";
		};
		00F044AD2C95D5A2003EC942 /* Core */ = {
			isa = PBXGroup;
			children = (
				00F044722C95B579003EC942 /* AppDelegate.swift */,
				00F044742C95B579003EC942 /* SceneDelegate.swift */,
			);
			path = Core;
			sourceTree = "<group>";
		};
		00F044AE2C95D5AF003EC942 /* Network */ = {
			isa = PBXGroup;
			children = (
				00F044B02C95D6BF003EC942 /* NetworkManager.swift */,
				00B5DECE2C9896E5007D399F /* APIError.swift */,
				00B5DED02C989DAC007D399F /* HttpMethod.swift */,
			);
			path = Network;
			sourceTree = "<group>";
		};
		00F044AF2C95D61F003EC942 /* Resources */ = {
			isa = PBXGroup;
			children = (
				00F0447B2C95B57B003EC942 /* Assets.xcassets */,
			);
			path = Resources;
			sourceTree = "<group>";
		};
		00F044B62C95FCC3003EC942 /* Extensions */ = {
			isa = PBXGroup;
			children = (
				00F044B72C95FCFF003EC942 /* ShowAlert.swift */,
				00129E0F2C99FDBE0002C486 /* CorenerRadius.swift */,
				00EB58942CB29F4900F22C4E /* UITableView+RegisterNib.swift */,
				00EB58962CB29F7E00F22C4E /* UIView+ReuseIdentifier.swift */,
			);
			path = Extensions;
			sourceTree = "<group>";
		};
		00FDA2AA2C99C94500113402 /* Views */ = {
			isa = PBXGroup;
			children = (
				00F0449E2C95C1C2003EC942 /* MenuItemDetailVC.swift */,
				00F0449F2C95C1C2003EC942 /* MenuItemDetailVC.xib */,
			);
			path = Views;
			sourceTree = "<group>";
		};
		00FDA2AB2C99C95E00113402 /* Views */ = {
			isa = PBXGroup;
			children = (
				00F0448C2C95C02A003EC942 /* MenuVC.swift */,
				00F0448D2C95C02A003EC942 /* MenuVC.xib */,
				00F044BD2C9607D3003EC942 /* MenuCell.swift */,
				00F044BE2C9607D3003EC942 /* MenuCell.xib */,
			);
			path = Views;
			sourceTree = "<group>";
		};
		00FDA2AC2C99C97A00113402 /* Views */ = {
			isa = PBXGroup;
			children = (
				00F044882C95C011003EC942 /* CategoryVC.swift */,
				00F044892C95C011003EC942 /* CategoryVC.xib */,
				00F044B22C95EADB003EC942 /* CategoryCell.swift */,
				00F044B32C95EADB003EC942 /* CategoryCell.xib */,
			);
			path = Views;
			sourceTree = "<group>";
		};
		00FDA2AE2C99D11700113402 /* Views */ = {
			isa = PBXGroup;
			children = (
				00F044902C95C036003EC942 /* OrderVC.swift */,
				00F044912C95C036003EC942 /* OrderVC.xib */,
				000517BF2C96F5B7000E09DF /* OrderCell.swift */,
				000517C02C96F5B7000E09DF /* OrderCell.xib */,
			);
			path = Views;
			sourceTree = "<group>";
		};
		00FDA2B32C99D8F900113402 /* View */ = {
			isa = PBXGroup;
			children = (
				00F0059B2C972EE6007D05FE /* OrderConfiramtionVC.swift */,
				00F0059C2C972EE6007D05FE /* OrderConfiramtionVC.xib */,
			);
			path = View;
			sourceTree = "<group>";
		};
/* End PBXGroup section */

/* Begin PBXNativeTarget section */
		00F0446E2C95B579003EC942 /* OrderApp */ = {
			isa = PBXNativeTarget;
			buildConfigurationList = 00F044832C95B57B003EC942 /* Build configuration list for PBXNativeTarget "OrderApp" */;
			buildPhases = (
				00F0446B2C95B579003EC942 /* Sources */,
				00F0446C2C95B579003EC942 /* Frameworks */,
				00F0446D2C95B579003EC942 /* Resources */,
			);
			buildRules = (
			);
			dependencies = (
			);
			name = OrderApp;
			productName = OrderApp;
			productReference = 00F0446F2C95B579003EC942 /* OrderApp.app */;
			productType = "com.apple.product-type.application";
		};
/* End PBXNativeTarget section */

/* Begin PBXProject section */
		00F044672C95B579003EC942 /* Project object */ = {
			isa = PBXProject;
			attributes = {
				BuildIndependentTargetsInParallel = 1;
				LastSwiftUpdateCheck = 1540;
				LastUpgradeCheck = 1540;
				TargetAttributes = {
					00F0446E2C95B579003EC942 = {
						CreatedOnToolsVersion = 15.4;
					};
				};
			};
			buildConfigurationList = 00F0446A2C95B579003EC942 /* Build configuration list for PBXProject "OrderApp" */;
			compatibilityVersion = "Xcode 14.0";
			developmentRegion = en;
			hasScannedForEncodings = 0;
			knownRegions = (
				en,
				Base,
			);
			mainGroup = 00F044662C95B579003EC942;
			productRefGroup = 00F044702C95B579003EC942 /* Products */;
			projectDirPath = "";
			projectRoot = "";
			targets = (
				00F0446E2C95B579003EC942 /* OrderApp */,
			);
		};
/* End PBXProject section */

/* Begin PBXResourcesBuildPhase section */
		00F0446D2C95B579003EC942 /* Resources */ = {
			isa = PBXResourcesBuildPhase;
			buildActionMask = 2147483647;
			files = (
				00F0059D2C972EE6007D05FE /* OrderConfiramtionVC.xib in Resources */,
				00F044B52C95EADB003EC942 /* CategoryCell.xib in Resources */,
				00F0447C2C95B57B003EC942 /* Assets.xcassets in Resources */,
				000517C12C96F5B7000E09DF /* OrderCell.xib in Resources */,
				00F044C02C9607D3003EC942 /* MenuCell.xib in Resources */,
				00F044932C95C036003EC942 /* OrderVC.xib in Resources */,
				00F0448B2C95C011003EC942 /* CategoryVC.xib in Resources */,
				00F0448F2C95C02A003EC942 /* MenuVC.xib in Resources */,
				00F044A12C95C1C2003EC942 /* MenuItemDetailVC.xib in Resources */,
			);
			runOnlyForDeploymentPostprocessing = 0;
		};
/* End PBXResourcesBuildPhase section */

/* Begin PBXSourcesBuildPhase section */
		00F0446B2C95B579003EC942 /* Sources */ = {
			isa = PBXSourcesBuildPhase;
			buildActionMask = 2147483647;
			files = (
				00129E102C99FDBE0002C486 /* CorenerRadius.swift in Sources */,
				00EB58952CB29F4900F22C4E /* UITableView+RegisterNib.swift in Sources */,
				00FDA2A92C99B7C800113402 /* MenuDetailViewModel.swift in Sources */,
				00F0448A2C95C011003EC942 /* CategoryVC.swift in Sources */,
				00F0448E2C95C02A003EC942 /* MenuVC.swift in Sources */,
				00F0059E2C972EE6007D05FE /* OrderConfiramtionVC.swift in Sources */,
				00F044922C95C036003EC942 /* OrderVC.swift in Sources */,
				00F044732C95B579003EC942 /* AppDelegate.swift in Sources */,
				00FDA2A72C999F8300113402 /* MenuViewModel.swift in Sources */,
				00F044A82C95C5FF003EC942 /* CategoryResponse.swift in Sources */,
				000517C22C96F5B7000E09DF /* OrderCell.swift in Sources */,
				00FDA2A52C99993200113402 /* CategoryViewModel.swift in Sources */,
				00F044872C95BAE2003EC942 /* TabbarVC.swift in Sources */,
				00B5DECF2C9896E5007D399F /* APIError.swift in Sources */,
				00F044B42C95EADB003EC942 /* CategoryCell.swift in Sources */,
				00F044AC2C95C619003EC942 /* Order.swift in Sources */,
				00F044A42C95C321003EC942 /* MenuItem.swift in Sources */,
				00FDA2B02C99D13800113402 /* OrderViewModel.swift in Sources */,
				00B5DED12C989DAC007D399F /* HttpMethod.swift in Sources */,
				00F044AA2C95C611003EC942 /* OrderResponse.swift in Sources */,
				00F044B82C95FCFF003EC942 /* ShowAlert.swift in Sources */,
				00F044752C95B579003EC942 /* SceneDelegate.swift in Sources */,
				00EB58972CB29F7E00F22C4E /* UIView+ReuseIdentifier.swift in Sources */,
				00129E0E2C99FBC80002C486 /* SplashScreen.swift in Sources */,
				00F044A62C95C5E7003EC942 /* MenuResponse.swift in Sources */,
				00F044B12C95D6BF003EC942 /* NetworkManager.swift in Sources */,
				00F044BF2C9607D3003EC942 /* MenuCell.swift in Sources */,
				00F044A02C95C1C2003EC942 /* MenuItemDetailVC.swift in Sources */,
			);
			runOnlyForDeploymentPostprocessing = 0;
		};
/* End PBXSourcesBuildPhase section */

/* Begin XCBuildConfiguration section */
		00F044812C95B57B003EC942 /* Debug */ = {
			isa = XCBuildConfiguration;
			buildSettings = {
				ALWAYS_SEARCH_USER_PATHS = NO;
				ASSETCATALOG_COMPILER_GENERATE_SWIFT_ASSET_SYMBOL_EXTENSIONS = YES;
				CLANG_ANALYZER_NONNULL = YES;
				CLANG_ANALYZER_NUMBER_OBJECT_CONVERSION = YES_AGGRESSIVE;
				CLANG_CXX_LANGUAGE_STANDARD = "gnu++20";
				CLANG_ENABLE_MODULES = YES;
				CLANG_ENABLE_OBJC_ARC = YES;
				CLANG_ENABLE_OBJC_WEAK = YES;
				CLANG_WARN_BLOCK_CAPTURE_AUTORELEASING = YES;
				CLANG_WARN_BOOL_CONVERSION = YES;
				CLANG_WARN_COMMA = YES;
				CLANG_WARN_CONSTANT_CONVERSION = YES;
				CLANG_WARN_DEPRECATED_OBJC_IMPLEMENTATIONS = YES;
				CLANG_WARN_DIRECT_OBJC_ISA_USAGE = YES_ERROR;
				CLANG_WARN_DOCUMENTATION_COMMENTS = YES;
				CLANG_WARN_EMPTY_BODY = YES;
				CLANG_WARN_ENUM_CONVERSION = YES;
				CLANG_WARN_INFINITE_RECURSION = YES;
				CLANG_WARN_INT_CONVERSION = YES;
				CLANG_WARN_NON_LITERAL_NULL_CONVERSION = YES;
				CLANG_WARN_OBJC_IMPLICIT_RETAIN_SELF = YES;
				CLANG_WARN_OBJC_LITERAL_CONVERSION = YES;
				CLANG_WARN_OBJC_ROOT_CLASS = YES_ERROR;
				CLANG_WARN_QUOTED_INCLUDE_IN_FRAMEWORK_HEADER = YES;
				CLANG_WARN_RANGE_LOOP_ANALYSIS = YES;
				CLANG_WARN_STRICT_PROTOTYPES = YES;
				CLANG_WARN_SUSPICIOUS_MOVE = YES;
				CLANG_WARN_UNGUARDED_AVAILABILITY = YES_AGGRESSIVE;
				CLANG_WARN_UNREACHABLE_CODE = YES;
				CLANG_WARN__DUPLICATE_METHOD_MATCH = YES;
				COPY_PHASE_STRIP = NO;
				DEBUG_INFORMATION_FORMAT = dwarf;
				ENABLE_STRICT_OBJC_MSGSEND = YES;
				ENABLE_TESTABILITY = YES;
				ENABLE_USER_SCRIPT_SANDBOXING = YES;
				GCC_C_LANGUAGE_STANDARD = gnu17;
				GCC_DYNAMIC_NO_PIC = NO;
				GCC_NO_COMMON_BLOCKS = YES;
				GCC_OPTIMIZATION_LEVEL = 0;
				GCC_PREPROCESSOR_DEFINITIONS = (
					"DEBUG=1",
					"$(inherited)",
				);
				GCC_WARN_64_TO_32_BIT_CONVERSION = YES;
				GCC_WARN_ABOUT_RETURN_TYPE = YES_ERROR;
				GCC_WARN_UNDECLARED_SELECTOR = YES;
				GCC_WARN_UNINITIALIZED_AUTOS = YES_AGGRESSIVE;
				GCC_WARN_UNUSED_FUNCTION = YES;
				GCC_WARN_UNUSED_VARIABLE = YES;
				IPHONEOS_DEPLOYMENT_TARGET = 17.5;
				LOCALIZATION_PREFERS_STRING_CATALOGS = YES;
				MTL_ENABLE_DEBUG_INFO = INCLUDE_SOURCE;
				MTL_FAST_MATH = YES;
				ONLY_ACTIVE_ARCH = YES;
				SDKROOT = iphoneos;
				SWIFT_ACTIVE_COMPILATION_CONDITIONS = "DEBUG $(inherited)";
				SWIFT_OPTIMIZATION_LEVEL = "-Onone";
			};
			name = Debug;
		};
		00F044822C95B57B003EC942 /* Release */ = {
			isa = XCBuildConfiguration;
			buildSettings = {
				ALWAYS_SEARCH_USER_PATHS = NO;
				ASSETCATALOG_COMPILER_GENERATE_SWIFT_ASSET_SYMBOL_EXTENSIONS = YES;
				CLANG_ANALYZER_NONNULL = YES;
				CLANG_ANALYZER_NUMBER_OBJECT_CONVERSION = YES_AGGRESSIVE;
				CLANG_CXX_LANGUAGE_STANDARD = "gnu++20";
				CLANG_ENABLE_MODULES = YES;
				CLANG_ENABLE_OBJC_ARC = YES;
				CLANG_ENABLE_OBJC_WEAK = YES;
				CLANG_WARN_BLOCK_CAPTURE_AUTORELEASING = YES;
				CLANG_WARN_BOOL_CONVERSION = YES;
				CLANG_WARN_COMMA = YES;
				CLANG_WARN_CONSTANT_CONVERSION = YES;
				CLANG_WARN_DEPRECATED_OBJC_IMPLEMENTATIONS = YES;
				CLANG_WARN_DIRECT_OBJC_ISA_USAGE = YES_ERROR;
				CLANG_WARN_DOCUMENTATION_COMMENTS = YES;
				CLANG_WARN_EMPTY_BODY = YES;
				CLANG_WARN_ENUM_CONVERSION = YES;
				CLANG_WARN_INFINITE_RECURSION = YES;
				CLANG_WARN_INT_CONVERSION = YES;
				CLANG_WARN_NON_LITERAL_NULL_CONVERSION = YES;
				CLANG_WARN_OBJC_IMPLICIT_RETAIN_SELF = YES;
				CLANG_WARN_OBJC_LITERAL_CONVERSION = YES;
				CLANG_WARN_OBJC_ROOT_CLASS = YES_ERROR;
				CLANG_WARN_QUOTED_INCLUDE_IN_FRAMEWORK_HEADER = YES;
				CLANG_WARN_RANGE_LOOP_ANALYSIS = YES;
				CLANG_WARN_STRICT_PROTOTYPES = YES;
				CLANG_WARN_SUSPICIOUS_MOVE = YES;
				CLANG_WARN_UNGUARDED_AVAILABILITY = YES_AGGRESSIVE;
				CLANG_WARN_UNREACHABLE_CODE = YES;
				CLANG_WARN__DUPLICATE_METHOD_MATCH = YES;
				COPY_PHASE_STRIP = NO;
				DEBUG_INFORMATION_FORMAT = "dwarf-with-dsym";
				ENABLE_NS_ASSERTIONS = NO;
				ENABLE_STRICT_OBJC_MSGSEND = YES;
				ENABLE_USER_SCRIPT_SANDBOXING = YES;
				GCC_C_LANGUAGE_STANDARD = gnu17;
				GCC_NO_COMMON_BLOCKS = YES;
				GCC_WARN_64_TO_32_BIT_CONVERSION = YES;
				GCC_WARN_ABOUT_RETURN_TYPE = YES_ERROR;
				GCC_WARN_UNDECLARED_SELECTOR = YES;
				GCC_WARN_UNINITIALIZED_AUTOS = YES_AGGRESSIVE;
				GCC_WARN_UNUSED_FUNCTION = YES;
				GCC_WARN_UNUSED_VARIABLE = YES;
				IPHONEOS_DEPLOYMENT_TARGET = 17.5;
				LOCALIZATION_PREFERS_STRING_CATALOGS = YES;
				MTL_ENABLE_DEBUG_INFO = NO;
				MTL_FAST_MATH = YES;
				SDKROOT = iphoneos;
				SWIFT_COMPILATION_MODE = wholemodule;
				VALIDATE_PRODUCT = YES;
			};
			name = Release;
		};
		00F044842C95B57B003EC942 /* Debug */ = {
			isa = XCBuildConfiguration;
			buildSettings = {
				ASSETCATALOG_COMPILER_APPICON_NAME = AppIcon;
				ASSETCATALOG_COMPILER_GLOBAL_ACCENT_COLOR_NAME = AccentColor;
				CODE_SIGN_STYLE = Automatic;
				CURRENT_PROJECT_VERSION = 1;
				GENERATE_INFOPLIST_FILE = YES;
				INFOPLIST_FILE = OrderApp/Info.plist;
				INFOPLIST_KEY_UIApplicationSupportsIndirectInputEvents = YES;
				INFOPLIST_KEY_UILaunchStoryboardName = LaunchScreen;
				INFOPLIST_KEY_UISupportedInterfaceOrientations_iPad = "UIInterfaceOrientationPortrait UIInterfaceOrientationPortraitUpsideDown UIInterfaceOrientationLandscapeLeft UIInterfaceOrientationLandscapeRight";
				INFOPLIST_KEY_UISupportedInterfaceOrientations_iPhone = "UIInterfaceOrientationPortrait UIInterfaceOrientationLandscapeLeft UIInterfaceOrientationLandscapeRight";
				LD_RUNPATH_SEARCH_PATHS = (
					"$(inherited)",
					"@executable_path/Frameworks",
				);
				MARKETING_VERSION = 1.0;
				PRODUCT_BUNDLE_IDENTIFIER = "com.ahmedfathy-pop.OrderApp";
				PRODUCT_NAME = "$(TARGET_NAME)";
				SWIFT_EMIT_LOC_STRINGS = YES;
				SWIFT_VERSION = 5.0;
				TARGETED_DEVICE_FAMILY = "1,2";
			};
			name = Debug;
		};
		00F044852C95B57B003EC942 /* Release */ = {
			isa = XCBuildConfiguration;
			buildSettings = {
				ASSETCATALOG_COMPILER_APPICON_NAME = AppIcon;
				ASSETCATALOG_COMPILER_GLOBAL_ACCENT_COLOR_NAME = AccentColor;
				CODE_SIGN_STYLE = Automatic;
				CURRENT_PROJECT_VERSION = 1;
				GENERATE_INFOPLIST_FILE = YES;
				INFOPLIST_FILE = OrderApp/Info.plist;
				INFOPLIST_KEY_UIApplicationSupportsIndirectInputEvents = YES;
				INFOPLIST_KEY_UILaunchStoryboardName = LaunchScreen;
				INFOPLIST_KEY_UISupportedInterfaceOrientations_iPad = "UIInterfaceOrientationPortrait UIInterfaceOrientationPortraitUpsideDown UIInterfaceOrientationLandscapeLeft UIInterfaceOrientationLandscapeRight";
				INFOPLIST_KEY_UISupportedInterfaceOrientations_iPhone = "UIInterfaceOrientationPortrait UIInterfaceOrientationLandscapeLeft UIInterfaceOrientationLandscapeRight";
				LD_RUNPATH_SEARCH_PATHS = (
					"$(inherited)",
					"@executable_path/Frameworks",
				);
				MARKETING_VERSION = 1.0;
				PRODUCT_BUNDLE_IDENTIFIER = "com.ahmedfathy-pop.OrderApp";
				PRODUCT_NAME = "$(TARGET_NAME)";
				SWIFT_EMIT_LOC_STRINGS = YES;
				SWIFT_VERSION = 5.0;
				TARGETED_DEVICE_FAMILY = "1,2";
			};
			name = Release;
		};
/* End XCBuildConfiguration section */

/* Begin XCConfigurationList section */
		00F0446A2C95B579003EC942 /* Build configuration list for PBXProject "OrderApp" */ = {
			isa = XCConfigurationList;
			buildConfigurations = (
				00F044812C95B57B003EC942 /* Debug */,
				00F044822C95B57B003EC942 /* Release */,
			);
			defaultConfigurationIsVisible = 0;
			defaultConfigurationName = Release;
		};
		00F044832C95B57B003EC942 /* Build configuration list for PBXNativeTarget "OrderApp" */ = {
			isa = XCConfigurationList;
			buildConfigurations = (
				00F044842C95B57B003EC942 /* Debug */,
				00F044852C95B57B003EC942 /* Release */,
			);
			defaultConfigurationIsVisible = 0;
			defaultConfigurationName = Release;
		};
/* End XCConfigurationList section */
	};
	rootObject = 00F044672C95B579003EC942 /* Project object */;
}
